
Microsoft Visual Studio Solution File, Format Version 12.00
# Visual Studio Version 17
VisualStudioVersion = 17.14.36203.30
MinimumVisualStudioVersion = 10.0.40219.1
Project("{2150E333-8FDC-42A3-9474-1A3956D46DE8}") = "Services", "Services", "{02EA681E-C7D8-13C7-8484-4AC65E1B71E8}"
EndProject
Project("{2150E333-8FDC-42A3-9474-1A3956D46DE8}") = "Catalog", "Catalog", "{07876B13-5039-40A0-8E9F-3F389752EF1C}"
EndProject
Project("{FAE04EC0-301F-11D3-BF4B-00C04F79EFBC}") = "Catalog.API", "Services\Catalog\Catalog.API\Catalog.API.csproj", "{FD01438D-E4F7-419F-82C8-15B27BCA815B}"
EndProject
Project("{FAE04EC0-301F-11D3-BF4B-00C04F79EFBC}") = "Catalog.Application", "Services\Catalog\Catalog.Application\Catalog.Application.csproj", "{75670940-5F1A-49A8-8AE8-9E4593A0ECDF}"
EndProject
Project("{FAE04EC0-301F-11D3-BF4B-00C04F79EFBC}") = "Catalog.Core", "Services\Catalog\Catalog.Core\Catalog.Core.csproj", "{8A35666D-E727-48C3-B71F-22589FA46C8C}"
EndProject
Project("{FAE04EC0-301F-11D3-BF4B-00C04F79EFBC}") = "Catalog.Infrastructure", "Services\Catalog\Catalog.Infrastructure\Catalog.Infrastructure.csproj", "{CA80C458-2A68-402D-9724-89D31053F362}"
EndProject
Project("{E53339B2-1760-4266-BCC7-CA923CBCF16C}") = "docker-compose", "docker-compose.dcproj", "{81DDED9D-158B-E303-5F62-77A2896D2A5A}"
EndProject
Project("{2150E333-8FDC-42A3-9474-1A3956D46DE8}") = "Basket", "Basket", "{68021E4A-8DD2-445D-8D87-D8D3480D9862}"
EndProject
Project("{FAE04EC0-301F-11D3-BF4B-00C04F79EFBC}") = "Basket.API", "Services\Basket\Basket.API\Basket.API.csproj", "{249B95F9-5B5D-463B-AABE-4ECCC2136A3E}"
EndProject
Project("{FAE04EC0-301F-11D3-BF4B-00C04F79EFBC}") = "Basket.Application", "Services\Basket\Basket.Application\Basket.Application.csproj", "{6ED4E674-BA5C-4D3F-AAD4-49CE3A9497AF}"
EndProject
Project("{FAE04EC0-301F-11D3-BF4B-00C04F79EFBC}") = "Basket.Core", "Services\Basket\Basket.Core\Basket.Core.csproj", "{DFAC8D32-6EA5-42F9-BC2E-B3B3A9A7E5A1}"
EndProject
Project("{FAE04EC0-301F-11D3-BF4B-00C04F79EFBC}") = "Basket.Infrastructure", "Services\Basket\Basket.Infrastructure\Basket.Infrastructure.csproj", "{099A44D5-C863-4E85-8E17-9C7C3F6D8E8A}"
EndProject
Project("{2150E333-8FDC-42A3-9474-1A3956D46DE8}") = "Discount", "Discount", "{530846FE-E622-4596-A790-D42349C32AA5}"
EndProject
Project("{FAE04EC0-301F-11D3-BF4B-00C04F79EFBC}") = "Discount.API", "Services\Discount\Discount.API\Discount.API.csproj", "{52E4E8ED-2A6A-4C8A-95DA-FE5C1DFEA8DA}"
EndProject
Project("{FAE04EC0-301F-11D3-BF4B-00C04F79EFBC}") = "Discount.Application", "Services\Discount\Discount.Application\Discount.Application.csproj", "{83B56DB7-EF34-4CF1-9624-96869A8DCF0A}"
EndProject
Project("{FAE04EC0-301F-11D3-BF4B-00C04F79EFBC}") = "Discount.Infrastructure", "Services\Discount\Discount.Infrastructure\Discount.Infrastructure.csproj", "{5D644CB2-665D-41E6-92F1-689F51E31EE7}"
EndProject
Project("{FAE04EC0-301F-11D3-BF4B-00C04F79EFBC}") = "Discount.Core", "Services\Discount\Discount.Core\Discount.Core.csproj", "{A23CE167-34B7-4BB0-BB69-43B7B286334F}"
EndProject
Global
	GlobalSection(SolutionConfigurationPlatforms) = preSolution
		Debug|Any CPU = Debug|Any CPU
		Release|Any CPU = Release|Any CPU
	EndGlobalSection
	GlobalSection(ProjectConfigurationPlatforms) = postSolution
		{FD01438D-E4F7-419F-82C8-15B27BCA815B}.Debug|Any CPU.ActiveCfg = Debug|Any CPU
		{FD01438D-E4F7-419F-82C8-15B27BCA815B}.Debug|Any CPU.Build.0 = Debug|Any CPU
		{FD01438D-E4F7-419F-82C8-15B27BCA815B}.Release|Any CPU.ActiveCfg = Release|Any CPU
		{FD01438D-E4F7-419F-82C8-15B27BCA815B}.Release|Any CPU.Build.0 = Release|Any CPU
		{75670940-5F1A-49A8-8AE8-9E4593A0ECDF}.Debug|Any CPU.ActiveCfg = Debug|Any CPU
		{75670940-5F1A-49A8-8AE8-9E4593A0ECDF}.Debug|Any CPU.Build.0 = Debug|Any CPU
		{75670940-5F1A-49A8-8AE8-9E4593A0ECDF}.Release|Any CPU.ActiveCfg = Release|Any CPU
		{75670940-5F1A-49A8-8AE8-9E4593A0ECDF}.Release|Any CPU.Build.0 = Release|Any CPU
		{8A35666D-E727-48C3-B71F-22589FA46C8C}.Debug|Any CPU.ActiveCfg = Debug|Any CPU
		{8A35666D-E727-48C3-B71F-22589FA46C8C}.Debug|Any CPU.Build.0 = Debug|Any CPU
		{8A35666D-E727-48C3-B71F-22589FA46C8C}.Release|Any CPU.ActiveCfg = Release|Any CPU
		{8A35666D-E727-48C3-B71F-22589FA46C8C}.Release|Any CPU.Build.0 = Release|Any CPU
		{CA80C458-2A68-402D-9724-89D31053F362}.Debug|Any CPU.ActiveCfg = Debug|Any CPU
		{CA80C458-2A68-402D-9724-89D31053F362}.Debug|Any CPU.Build.0 = Debug|Any CPU
		{CA80C458-2A68-402D-9724-89D31053F362}.Release|Any CPU.ActiveCfg = Release|Any CPU
		{CA80C458-2A68-402D-9724-89D31053F362}.Release|Any CPU.Build.0 = Release|Any CPU
		{81DDED9D-158B-E303-5F62-77A2896D2A5A}.Debug|Any CPU.ActiveCfg = Debug|Any CPU
		{81DDED9D-158B-E303-5F62-77A2896D2A5A}.Debug|Any CPU.Build.0 = Debug|Any CPU
		{81DDED9D-158B-E303-5F62-77A2896D2A5A}.Release|Any CPU.ActiveCfg = Release|Any CPU
		{81DDED9D-158B-E303-5F62-77A2896D2A5A}.Release|Any CPU.Build.0 = Release|Any CPU
		{249B95F9-5B5D-463B-AABE-4ECCC2136A3E}.Debug|Any CPU.ActiveCfg = Debug|Any CPU
		{249B95F9-5B5D-463B-AABE-4ECCC2136A3E}.Debug|Any CPU.Build.0 = Debug|Any CPU
		{249B95F9-5B5D-463B-AABE-4ECCC2136A3E}.Release|Any CPU.ActiveCfg = Release|Any CPU
		{249B95F9-5B5D-463B-AABE-4ECCC2136A3E}.Release|Any CPU.Build.0 = Release|Any CPU
		{6ED4E674-BA5C-4D3F-AAD4-49CE3A9497AF}.Debug|Any CPU.ActiveCfg = Debug|Any CPU
		{6ED4E674-BA5C-4D3F-AAD4-49CE3A9497AF}.Debug|Any CPU.Build.0 = Debug|Any CPU
		{6ED4E674-BA5C-4D3F-AAD4-49CE3A9497AF}.Release|Any CPU.ActiveCfg = Release|Any CPU
		{6ED4E674-BA5C-4D3F-AAD4-49CE3A9497AF}.Release|Any CPU.Build.0 = Release|Any CPU
		{DFAC8D32-6EA5-42F9-BC2E-B3B3A9A7E5A1}.Debug|Any CPU.ActiveCfg = Debug|Any CPU
		{DFAC8D32-6EA5-42F9-BC2E-B3B3A9A7E5A1}.Debug|Any CPU.Build.0 = Debug|Any CPU
		{DFAC8D32-6EA5-42F9-BC2E-B3B3A9A7E5A1}.Release|Any CPU.ActiveCfg = Release|Any CPU
		{DFAC8D32-6EA5-42F9-BC2E-B3B3A9A7E5A1}.Release|Any CPU.Build.0 = Release|Any CPU
		{099A44D5-C863-4E85-8E17-9C7C3F6D8E8A}.Debug|Any CPU.ActiveCfg = Debug|Any CPU
		{099A44D5-C863-4E85-8E17-9C7C3F6D8E8A}.Debug|Any CPU.Build.0 = Debug|Any CPU
		{099A44D5-C863-4E85-8E17-9C7C3F6D8E8A}.Release|Any CPU.ActiveCfg = Release|Any CPU
		{099A44D5-C863-4E85-8E17-9C7C3F6D8E8A}.Release|Any CPU.Build.0 = Release|Any CPU
		{52E4E8ED-2A6A-4C8A-95DA-FE5C1DFEA8DA}.Debug|Any CPU.ActiveCfg = Debug|Any CPU
		{52E4E8ED-2A6A-4C8A-95DA-FE5C1DFEA8DA}.Debug|Any CPU.Build.0 = Debug|Any CPU
		{52E4E8ED-2A6A-4C8A-95DA-FE5C1DFEA8DA}.Release|Any CPU.ActiveCfg = Release|Any CPU
		{52E4E8ED-2A6A-4C8A-95DA-FE5C1DFEA8DA}.Release|Any CPU.Build.0 = Release|Any CPU
		{83B56DB7-EF34-4CF1-9624-96869A8DCF0A}.Debug|Any CPU.ActiveCfg = Debug|Any CPU
		{83B56DB7-EF34-4CF1-9624-96869A8DCF0A}.Debug|Any CPU.Build.0 = Debug|Any CPU
		{83B56DB7-EF34-4CF1-9624-96869A8DCF0A}.Release|Any CPU.ActiveCfg = Release|Any CPU
		{83B56DB7-EF34-4CF1-9624-96869A8DCF0A}.Release|Any CPU.Build.0 = Release|Any CPU
		{5D644CB2-665D-41E6-92F1-689F51E31EE7}.Debug|Any CPU.ActiveCfg = Debug|Any CPU
		{5D644CB2-665D-41E6-92F1-689F51E31EE7}.Debug|Any CPU.Build.0 = Debug|Any CPU
		{5D644CB2-665D-41E6-92F1-689F51E31EE7}.Release|Any CPU.ActiveCfg = Release|Any CPU
		{5D644CB2-665D-41E6-92F1-689F51E31EE7}.Release|Any CPU.Build.0 = Release|Any CPU
		{A23CE167-34B7-4BB0-BB69-43B7B286334F}.Debug|Any CPU.ActiveCfg = Debug|Any CPU
		{A23CE167-34B7-4BB0-BB69-43B7B286334F}.Debug|Any CPU.Build.0 = Debug|Any CPU
		{A23CE167-34B7-4BB0-BB69-43B7B286334F}.Release|Any CPU.ActiveCfg = Release|Any CPU
		{A23CE167-34B7-4BB0-BB69-43B7B286334F}.Release|Any CPU.Build.0 = Release|Any CPU
	EndGlobalSection
	GlobalSection(SolutionProperties) = preSolution
		HideSolutionNode = FALSE
	EndGlobalSection
	GlobalSection(NestedProjects) = preSolution
		{07876B13-5039-40A0-8E9F-3F389752EF1C} = {02EA681E-C7D8-13C7-8484-4AC65E1B71E8}
		{FD01438D-E4F7-419F-82C8-15B27BCA815B} = {07876B13-5039-40A0-8E9F-3F389752EF1C}
		{75670940-5F1A-49A8-8AE8-9E4593A0ECDF} = {07876B13-5039-40A0-8E9F-3F389752EF1C}
		{8A35666D-E727-48C3-B71F-22589FA46C8C} = {07876B13-5039-40A0-8E9F-3F389752EF1C}
		{CA80C458-2A68-402D-9724-89D31053F362} = {07876B13-5039-40A0-8E9F-3F389752EF1C}
		{68021E4A-8DD2-445D-8D87-D8D3480D9862} = {02EA681E-C7D8-13C7-8484-4AC65E1B71E8}
		{249B95F9-5B5D-463B-AABE-4ECCC2136A3E} = {68021E4A-8DD2-445D-8D87-D8D3480D9862}
		{6ED4E674-BA5C-4D3F-AAD4-49CE3A9497AF} = {68021E4A-8DD2-445D-8D87-D8D3480D9862}
		{DFAC8D32-6EA5-42F9-BC2E-B3B3A9A7E5A1} = {68021E4A-8DD2-445D-8D87-D8D3480D9862}
		{099A44D5-C863-4E85-8E17-9C7C3F6D8E8A} = {68021E4A-8DD2-445D-8D87-D8D3480D9862}
		{530846FE-E622-4596-A790-D42349C32AA5} = {02EA681E-C7D8-13C7-8484-4AC65E1B71E8}
		{52E4E8ED-2A6A-4C8A-95DA-FE5C1DFEA8DA} = {530846FE-E622-4596-A790-D42349C32AA5}
		{83B56DB7-EF34-4CF1-9624-96869A8DCF0A} = {530846FE-E622-4596-A790-D42349C32AA5}
		{5D644CB2-665D-41E6-92F1-689F51E31EE7} = {530846FE-E622-4596-A790-D42349C32AA5}
		{A23CE167-34B7-4BB0-BB69-43B7B286334F} = {530846FE-E622-4596-A790-D42349C32AA5}
	EndGlobalSection
	GlobalSection(ExtensibilityGlobals) = postSolution
		SolutionGuid = {B607D7CF-4C05-425F-A300-F28CE4A58C97}
	EndGlobalSection
EndGlobal
